
Microsoft Visual Studio Solution File, Format Version 12.00
# Visual Studio 15
VisualStudioVersion = 15.0.27428.2015
MinimumVisualStudioVersion = 10.0.40219.1
Project("{FAE04EC0-301F-11D3-BF4B-00C04F79EFBC}") = "Universe", "Universe\Universe.csproj", "{5FA3BF1B-79AE-4C8C-9488-5782AC0FF0AD}"
EndProject
Project("{FAE04EC0-301F-11D3-BF4B-00C04F79EFBC}") = "Univercse.BLL", "BLL\Univercse.BLL.csproj", "{60B2C790-F0C9-4DA8-A346-3BAD10081C79}"
EndProject
Project("{FAE04EC0-301F-11D3-BF4B-00C04F79EFBC}") = "Universe.DAL", "Universe.DAL\Universe.DAL.csproj", "{7BEB6322-DE2B-473D-A5DB-AD698AEF283E}"
EndProject
Global
	GlobalSection(SolutionConfigurationPlatforms) = preSolution
		Debug|Any CPU = Debug|Any CPU
		Release|Any CPU = Release|Any CPU
	EndGlobalSection
	GlobalSection(ProjectConfigurationPlatforms) = postSolution
		{5FA3BF1B-79AE-4C8C-9488-5782AC0FF0AD}.Debug|Any CPU.ActiveCfg = Debug|Any CPU
		{5FA3BF1B-79AE-4C8C-9488-5782AC0FF0AD}.Debug|Any CPU.Build.0 = Debug|Any CPU
		{5FA3BF1B-79AE-4C8C-9488-5782AC0FF0AD}.Release|Any CPU.ActiveCfg = Release|Any CPU
		{5FA3BF1B-79AE-4C8C-9488-5782AC0FF0AD}.Release|Any CPU.Build.0 = Release|Any CPU
		{60B2C790-F0C9-4DA8-A346-3BAD10081C79}.Debug|Any CPU.ActiveCfg = Debug|Any CPU
		{60B2C790-F0C9-4DA8-A346-3BAD10081C79}.Debug|Any CPU.Build.0 = Debug|Any CPU
		{60B2C790-F0C9-4DA8-A346-3BAD10081C79}.Release|Any CPU.ActiveCfg = Release|Any CPU
		{60B2C790-F0C9-4DA8-A346-3BAD10081C79}.Release|Any CPU.Build.0 = Release|Any CPU
		{7BEB6322-DE2B-473D-A5DB-AD698AEF283E}.Debug|Any CPU.ActiveCfg = Debug|Any CPU
		{7BEB6322-DE2B-473D-A5DB-AD698AEF283E}.Debug|Any CPU.Build.0 = Debug|Any CPU
		{7BEB6322-DE2B-473D-A5DB-AD698AEF283E}.Release|Any CPU.ActiveCfg = Release|Any CPU
		{7BEB6322-DE2B-473D-A5DB-AD698AEF283E}.Release|Any CPU.Build.0 = Release|Any CPU
	EndGlobalSection
	GlobalSection(SolutionProperties) = preSolution
		HideSolutionNode = FALSE
	EndGlobalSection
	GlobalSection(ExtensibilityGlobals) = postSolution
		SolutionGuid = {8C805CAA-53BA-4E12-A655-90164F88F843}
	EndGlobalSection
EndGlobal
